
Microsoft Visual Studio Solution File, Format Version 12.00
# Visual Studio Version 16
VisualStudioVersion = 16.0.30804.86
MinimumVisualStudioVersion = 10.0.40219.1
Project("{FAE04EC0-301F-11D3-BF4B-00C04F79EFBC}") = "KENDİ İŞÇİ PROJEM (ÖĞRENCİ PROJESİ GİBİ)", "KENDİ İŞÇİ PROJEM (ÖĞRENCİ PROJESİ GİBİ)\KENDİ İŞÇİ PROJEM (ÖĞRENCİ PROJESİ GİBİ).csproj", "{8365F2E1-053A-4960-86E8-F5759AD0F8AA}"
EndProject
Global
	GlobalSection(SolutionConfigurationPlatforms) = preSolution
		Debug|Any CPU = Debug|Any CPU
		Release|Any CPU = Release|Any CPU
	EndGlobalSection
	GlobalSection(ProjectConfigurationPlatforms) = postSolution
		{8365F2E1-053A-4960-86E8-F5759AD0F8AA}.Debug|Any CPU.ActiveCfg = Debug|Any CPU
		{8365F2E1-053A-4960-86E8-F5759AD0F8AA}.Debug|Any CPU.Build.0 = Debug|Any CPU
		{8365F2E1-053A-4960-86E8-F5759AD0F8AA}.Release|Any CPU.ActiveCfg = Release|Any CPU
		{8365F2E1-053A-4960-86E8-F5759AD0F8AA}.Release|Any CPU.Build.0 = Release|Any CPU
	EndGlobalSection
	GlobalSection(SolutionProperties) = preSolution
		HideSolutionNode = FALSE
	EndGlobalSection
	GlobalSection(ExtensibilityGlobals) = postSolution
		SolutionGuid = {77CAB06B-5912-4E92-B434-86048BCACA82}
	EndGlobalSection
EndGlobal
